// !$*UTF8*$!
{
	archiveVersion = 1;
	classes = {
	};
	objectVersion = 56;
	objects = {

/* Begin PBXBuildFile section */
		832115C22C0029C9007A4105 /* weather.swift in Sources */ = {isa = PBXBuildFile; fileRef = 832115C12C0029C9007A4105 /* weather.swift */; };
		832828932BFED36E00A5FD0B /* YumemiWeather in Frameworks */ = {isa = PBXBuildFile; productRef = 832828922BFED36E00A5FD0B /* YumemiWeather */; };
		832828952BFF004400A5FD0B /* LaunchViewController.swift in Sources */ = {isa = PBXBuildFile; fileRef = 832828942BFF004400A5FD0B /* LaunchViewController.swift */; };
		833531472BFDC415003E75A1 /* AppDelegate.swift in Sources */ = {isa = PBXBuildFile; fileRef = 833531462BFDC415003E75A1 /* AppDelegate.swift */; };
		833531492BFDC415003E75A1 /* SceneDelegate.swift in Sources */ = {isa = PBXBuildFile; fileRef = 833531482BFDC415003E75A1 /* SceneDelegate.swift */; };
		8335314B2BFDC415003E75A1 /* ViewController.swift in Sources */ = {isa = PBXBuildFile; fileRef = 8335314A2BFDC415003E75A1 /* ViewController.swift */; };
		8335314E2BFDC415003E75A1 /* Main.storyboard in Resources */ = {isa = PBXBuildFile; fileRef = 8335314C2BFDC415003E75A1 /* Main.storyboard */; };
		833531502BFDC416003E75A1 /* Assets.xcassets in Resources */ = {isa = PBXBuildFile; fileRef = 8335314F2BFDC416003E75A1 /* Assets.xcassets */; };
		833531532BFDC416003E75A1 /* LaunchScreen.storyboard in Resources */ = {isa = PBXBuildFile; fileRef = 833531512BFDC416003E75A1 /* LaunchScreen.storyboard */; };
		837E64252C0D53F20022442A /* TableListViewController.swift in Sources */ = {isa = PBXBuildFile; fileRef = 837E64242C0D53F20022442A /* TableListViewController.swift */; };
		837E64272C0D636E0022442A /* weatherList.swift in Sources */ = {isa = PBXBuildFile; fileRef = 837E64262C0D636E0022442A /* weatherList.swift */; };
		83A7E3FA2C06BC520040C963 /* weatherstructs.swift in Sources */ = {isa = PBXBuildFile; fileRef = 83A7E3F92C06BC520040C963 /* weatherstructs.swift */; };
/* End PBXBuildFile section */

/* Begin PBXFileReference section */
		832115C12C0029C9007A4105 /* weather.swift */ = {isa = PBXFileReference; lastKnownFileType = sourcecode.swift; path = weather.swift; sourceTree = "<group>"; wrapsLines = 0; };
		832828942BFF004400A5FD0B /* LaunchViewController.swift */ = {isa = PBXFileReference; lastKnownFileType = sourcecode.swift; path = LaunchViewController.swift; sourceTree = "<group>"; usesTabs = 0; };
		833531432BFDC415003E75A1 /* Weather.app */ = {isa = PBXFileReference; explicitFileType = wrapper.application; includeInIndex = 0; path = Weather.app; sourceTree = BUILT_PRODUCTS_DIR; };
		833531462BFDC415003E75A1 /* AppDelegate.swift */ = {isa = PBXFileReference; lastKnownFileType = sourcecode.swift; path = AppDelegate.swift; sourceTree = "<group>"; };
		833531482BFDC415003E75A1 /* SceneDelegate.swift */ = {isa = PBXFileReference; lastKnownFileType = sourcecode.swift; path = SceneDelegate.swift; sourceTree = "<group>"; };
		8335314A2BFDC415003E75A1 /* ViewController.swift */ = {isa = PBXFileReference; lastKnownFileType = sourcecode.swift; path = ViewController.swift; sourceTree = "<group>"; };
		8335314D2BFDC415003E75A1 /* Base */ = {isa = PBXFileReference; lastKnownFileType = file.storyboard; name = Base; path = Base.lproj/Main.storyboard; sourceTree = "<group>"; };
		8335314F2BFDC416003E75A1 /* Assets.xcassets */ = {isa = PBXFileReference; lastKnownFileType = folder.assetcatalog; path = Assets.xcassets; sourceTree = "<group>"; };
		833531522BFDC416003E75A1 /* Base */ = {isa = PBXFileReference; lastKnownFileType = file.storyboard; name = Base; path = Base.lproj/LaunchScreen.storyboard; sourceTree = "<group>"; };
		833531542BFDC416003E75A1 /* Info.plist */ = {isa = PBXFileReference; lastKnownFileType = text.plist.xml; path = Info.plist; sourceTree = "<group>"; };
		837E64242C0D53F20022442A /* TableListViewController.swift */ = {isa = PBXFileReference; lastKnownFileType = sourcecode.swift; path = TableListViewController.swift; sourceTree = "<group>"; };
		837E64262C0D636E0022442A /* weatherList.swift */ = {isa = PBXFileReference; lastKnownFileType = sourcecode.swift; path = weatherList.swift; sourceTree = "<group>"; };
		83A7E3F92C06BC520040C963 /* weatherstructs.swift */ = {isa = PBXFileReference; lastKnownFileType = sourcecode.swift; path = weatherstructs.swift; sourceTree = "<group>"; };
/* End PBXFileReference section */

/* Begin PBXFrameworksBuildPhase section */
		833531402BFDC415003E75A1 /* Frameworks */ = {
			isa = PBXFrameworksBuildPhase;
			buildActionMask = 2147483647;
			files = (
				832828932BFED36E00A5FD0B /* YumemiWeather in Frameworks */,
			);
			runOnlyForDeploymentPostprocessing = 0;
		};
/* End PBXFrameworksBuildPhase section */

/* Begin PBXGroup section */
		8335313A2BFDC415003E75A1 = {
			isa = PBXGroup;
			children = (
				837E64242C0D53F20022442A /* TableListViewController.swift */,
				837E64262C0D636E0022442A /* weatherList.swift */,
				833531452BFDC415003E75A1 /* Weather */,
				833531442BFDC415003E75A1 /* Products */,
			);
			sourceTree = "<group>";
		};
		833531442BFDC415003E75A1 /* Products */ = {
			isa = PBXGroup;
			children = (
				833531432BFDC415003E75A1 /* Weather.app */,
			);
			name = Products;
			sourceTree = "<group>";
		};
		833531452BFDC415003E75A1 /* Weather */ = {
			isa = PBXGroup;
			children = (
				833531462BFDC415003E75A1 /* AppDelegate.swift */,
				833531482BFDC415003E75A1 /* SceneDelegate.swift */,
				8335314A2BFDC415003E75A1 /* ViewController.swift */,
				832115C12C0029C9007A4105 /* weather.swift */,
				83A7E3F92C06BC520040C963 /* weatherstructs.swift */,
				8335314C2BFDC415003E75A1 /* Main.storyboard */,
				832828942BFF004400A5FD0B /* LaunchViewController.swift */,
				8335314F2BFDC416003E75A1 /* Assets.xcassets */,
				833531512BFDC416003E75A1 /* LaunchScreen.storyboard */,
				833531542BFDC416003E75A1 /* Info.plist */,
			);
			path = Weather;
			sourceTree = "<group>";
		};
/* End PBXGroup section */

/* Begin PBXNativeTarget section */
		833531422BFDC415003E75A1 /* Weather */ = {
			isa = PBXNativeTarget;
			buildConfigurationList = 833531572BFDC416003E75A1 /* Build configuration list for PBXNativeTarget "Weather" */;
			buildPhases = (
				8335313F2BFDC415003E75A1 /* Sources */,
				833531402BFDC415003E75A1 /* Frameworks */,
				833531412BFDC415003E75A1 /* Resources */,
			);
			buildRules = (
			);
			dependencies = (
			);
			name = Weather;
			packageProductDependencies = (
				832828922BFED36E00A5FD0B /* YumemiWeather */,
			);
			productName = Weather;
			productReference = 833531432BFDC415003E75A1 /* Weather.app */;
			productType = "com.apple.product-type.application";
		};
/* End PBXNativeTarget section */

/* Begin PBXProject section */
		8335313B2BFDC415003E75A1 /* Project object */ = {
			isa = PBXProject;
			attributes = {
				BuildIndependentTargetsInParallel = 1;
				LastSwiftUpdateCheck = 1430;
				LastUpgradeCheck = 1430;
				TargetAttributes = {
					833531422BFDC415003E75A1 = {
						CreatedOnToolsVersion = 14.3.1;
					};
				};
			};
			buildConfigurationList = 8335313E2BFDC415003E75A1 /* Build configuration list for PBXProject "Weather" */;
			compatibilityVersion = "Xcode 14.0";
			developmentRegion = en;
			hasScannedForEncodings = 0;
			knownRegions = (
				en,
				Base,
			);
			mainGroup = 8335313A2BFDC415003E75A1;
			packageReferences = (
				832828912BFED36E00A5FD0B /* XCRemoteSwiftPackageReference "ios-training" */,
			);
			productRefGroup = 833531442BFDC415003E75A1 /* Products */;
			projectDirPath = "";
			projectRoot = "";
			targets = (
				833531422BFDC415003E75A1 /* Weather */,
			);
		};
/* End PBXProject section */

/* Begin PBXResourcesBuildPhase section */
		833531412BFDC415003E75A1 /* Resources */ = {
			isa = PBXResourcesBuildPhase;
			buildActionMask = 2147483647;
			files = (
				833531532BFDC416003E75A1 /* LaunchScreen.storyboard in Resources */,
				833531502BFDC416003E75A1 /* Assets.xcassets in Resources */,
				8335314E2BFDC415003E75A1 /* Main.storyboard in Resources */,
			);
			runOnlyForDeploymentPostprocessing = 0;
		};
/* End PBXResourcesBuildPhase section */

/* Begin PBXSourcesBuildPhase section */
		8335313F2BFDC415003E75A1 /* Sources */ = {
			isa = PBXSourcesBuildPhase;
			buildActionMask = 2147483647;
			files = (
				837E64272C0D636E0022442A /* weatherList.swift in Sources */,
				832115C22C0029C9007A4105 /* weather.swift in Sources */,
				83A7E3FA2C06BC520040C963 /* weatherstructs.swift in Sources */,
				8335314B2BFDC415003E75A1 /* ViewController.swift in Sources */,
				833531472BFDC415003E75A1 /* AppDelegate.swift in Sources */,
				833531492BFDC415003E75A1 /* SceneDelegate.swift in Sources */,
				832828952BFF004400A5FD0B /* LaunchViewController.swift in Sources */,
				837E64252C0D53F20022442A /* TableListViewController.swift in Sources */,
			);
			runOnlyForDeploymentPostprocessing = 0;
		};
/* End PBXSourcesBuildPhase section */

/* Begin PBXVariantGroup section */
		8335314C2BFDC415003E75A1 /* Main.storyboard */ = {
			isa = PBXVariantGroup;
			children = (
				8335314D2BFDC415003E75A1 /* Base */,
			);
			name = Main.storyboard;
			sourceTree = "<group>";
		};
		833531512BFDC416003E75A1 /* LaunchScreen.storyboard */ = {
			isa = PBXVariantGroup;
			children = (
				833531522BFDC416003E75A1 /* Base */,
			);
			name = LaunchScreen.storyboard;
			sourceTree = "<group>";
		};
/* End PBXVariantGroup section */

/* Begin XCBuildConfiguration section */
		833531552BFDC416003E75A1 /* Debug */ = {
			isa = XCBuildConfiguration;
			buildSettings = {
				ALWAYS_SEARCH_USER_PATHS = NO;
				CLANG_ANALYZER_NONNULL = YES;
				CLANG_ANALYZER_NUMBER_OBJECT_CONVERSION = YES_AGGRESSIVE;
				CLANG_CXX_LANGUAGE_STANDARD = "gnu++20";
				CLANG_ENABLE_MODULES = YES;
				CLANG_ENABLE_OBJC_ARC = YES;
				CLANG_ENABLE_OBJC_WEAK = YES;
				CLANG_WARN_BLOCK_CAPTURE_AUTORELEASING = YES;
				CLANG_WARN_BOOL_CONVERSION = YES;
				CLANG_WARN_COMMA = YES;
				CLANG_WARN_CONSTANT_CONVERSION = YES;
				CLANG_WARN_DEPRECATED_OBJC_IMPLEMENTATIONS = YES;
				CLANG_WARN_DIRECT_OBJC_ISA_USAGE = YES_ERROR;
				CLANG_WARN_DOCUMENTATION_COMMENTS = YES;
				CLANG_WARN_EMPTY_BODY = YES;
				CLANG_WARN_ENUM_CONVERSION = YES;
				CLANG_WARN_INFINITE_RECURSION = YES;
				CLANG_WARN_INT_CONVERSION = YES;
				CLANG_WARN_NON_LITERAL_NULL_CONVERSION = YES;
				CLANG_WARN_OBJC_IMPLICIT_RETAIN_SELF = YES;
				CLANG_WARN_OBJC_LITERAL_CONVERSION = YES;
				CLANG_WARN_OBJC_ROOT_CLASS = YES_ERROR;
				CLANG_WARN_QUOTED_INCLUDE_IN_FRAMEWORK_HEADER = YES;
				CLANG_WARN_RANGE_LOOP_ANALYSIS = YES;
				CLANG_WARN_STRICT_PROTOTYPES = YES;
				CLANG_WARN_SUSPICIOUS_MOVE = YES;
				CLANG_WARN_UNGUARDED_AVAILABILITY = YES_AGGRESSIVE;
				CLANG_WARN_UNREACHABLE_CODE = YES;
				CLANG_WARN__DUPLICATE_METHOD_MATCH = YES;
				COPY_PHASE_STRIP = NO;
				DEBUG_INFORMATION_FORMAT = dwarf;
				ENABLE_STRICT_OBJC_MSGSEND = YES;
				ENABLE_TESTABILITY = YES;
				GCC_C_LANGUAGE_STANDARD = gnu11;
				GCC_DYNAMIC_NO_PIC = NO;
				GCC_NO_COMMON_BLOCKS = YES;
				GCC_OPTIMIZATION_LEVEL = 0;
				GCC_PREPROCESSOR_DEFINITIONS = (
					"DEBUG=1",
					"$(inherited)",
				);
				GCC_WARN_64_TO_32_BIT_CONVERSION = YES;
				GCC_WARN_ABOUT_RETURN_TYPE = YES_ERROR;
				GCC_WARN_UNDECLARED_SELECTOR = YES;
				GCC_WARN_UNINITIALIZED_AUTOS = YES_AGGRESSIVE;
				GCC_WARN_UNUSED_FUNCTION = YES;
				GCC_WARN_UNUSED_VARIABLE = YES;
				IPHONEOS_DEPLOYMENT_TARGET = 16.4;
				MTL_ENABLE_DEBUG_INFO = INCLUDE_SOURCE;
				MTL_FAST_MATH = YES;
				ONLY_ACTIVE_ARCH = YES;
				SDKROOT = iphoneos;
				SWIFT_ACTIVE_COMPILATION_CONDITIONS = DEBUG;
				SWIFT_OPTIMIZATION_LEVEL = "-Onone";
			};
			name = Debug;
		};
		833531562BFDC416003E75A1 /* Release */ = {
			isa = XCBuildConfiguration;
			buildSettings = {
				ALWAYS_SEARCH_USER_PATHS = NO;
				CLANG_ANALYZER_NONNULL = YES;
				CLANG_ANALYZER_NUMBER_OBJECT_CONVERSION = YES_AGGRESSIVE;
				CLANG_CXX_LANGUAGE_STANDARD = "gnu++20";
				CLANG_ENABLE_MODULES = YES;
				CLANG_ENABLE_OBJC_ARC = YES;
				CLANG_ENABLE_OBJC_WEAK = YES;
				CLANG_WARN_BLOCK_CAPTURE_AUTORELEASING = YES;
				CLANG_WARN_BOOL_CONVERSION = YES;
				CLANG_WARN_COMMA = YES;
				CLANG_WARN_CONSTANT_CONVERSION = YES;
				CLANG_WARN_DEPRECATED_OBJC_IMPLEMENTATIONS = YES;
				CLANG_WARN_DIRECT_OBJC_ISA_USAGE = YES_ERROR;
				CLANG_WARN_DOCUMENTATION_COMMENTS = YES;
				CLANG_WARN_EMPTY_BODY = YES;
				CLANG_WARN_ENUM_CONVERSION = YES;
				CLANG_WARN_INFINITE_RECURSION = YES;
				CLANG_WARN_INT_CONVERSION = YES;
				CLANG_WARN_NON_LITERAL_NULL_CONVERSION = YES;
				CLANG_WARN_OBJC_IMPLICIT_RETAIN_SELF = YES;
				CLANG_WARN_OBJC_LITERAL_CONVERSION = YES;
				CLANG_WARN_OBJC_ROOT_CLASS = YES_ERROR;
				CLANG_WARN_QUOTED_INCLUDE_IN_FRAMEWORK_HEADER = YES;
				CLANG_WARN_RANGE_LOOP_ANALYSIS = YES;
				CLANG_WARN_STRICT_PROTOTYPES = YES;
				CLANG_WARN_SUSPICIOUS_MOVE = YES;
				CLANG_WARN_UNGUARDED_AVAILABILITY = YES_AGGRESSIVE;
				CLANG_WARN_UNREACHABLE_CODE = YES;
				CLANG_WARN__DUPLICATE_METHOD_MATCH = YES;
				COPY_PHASE_STRIP = NO;
				DEBUG_INFORMATION_FORMAT = "dwarf-with-dsym";
				ENABLE_NS_ASSERTIONS = NO;
				ENABLE_STRICT_OBJC_MSGSEND = YES;
				GCC_C_LANGUAGE_STANDARD = gnu11;
				GCC_NO_COMMON_BLOCKS = YES;
				GCC_WARN_64_TO_32_BIT_CONVERSION = YES;
				GCC_WARN_ABOUT_RETURN_TYPE = YES_ERROR;
				GCC_WARN_UNDECLARED_SELECTOR = YES;
				GCC_WARN_UNINITIALIZED_AUTOS = YES_AGGRESSIVE;
				GCC_WARN_UNUSED_FUNCTION = YES;
				GCC_WARN_UNUSED_VARIABLE = YES;
				IPHONEOS_DEPLOYMENT_TARGET = 16.4;
				MTL_ENABLE_DEBUG_INFO = NO;
				MTL_FAST_MATH = YES;
				SDKROOT = iphoneos;
				SWIFT_COMPILATION_MODE = wholemodule;
				SWIFT_OPTIMIZATION_LEVEL = "-O";
				VALIDATE_PRODUCT = YES;
			};
			name = Release;
		};
		833531582BFDC416003E75A1 /* Debug */ = {
			isa = XCBuildConfiguration;
			buildSettings = {
				ASSETCATALOG_COMPILER_APPICON_NAME = AppIcon;
				ASSETCATALOG_COMPILER_GLOBAL_ACCENT_COLOR_NAME = AccentColor;
				CODE_SIGN_STYLE = Automatic;
				CURRENT_PROJECT_VERSION = 1;
				GENERATE_INFOPLIST_FILE = YES;
				INFOPLIST_FILE = Weather/Info.plist;
				INFOPLIST_KEY_UIApplicationSupportsIndirectInputEvents = YES;
				INFOPLIST_KEY_UILaunchStoryboardName = LaunchScreen;
				INFOPLIST_KEY_UIMainStoryboardFile = Main;
				INFOPLIST_KEY_UISupportedInterfaceOrientations_iPad = "UIInterfaceOrientationPortrait UIInterfaceOrientationPortraitUpsideDown UIInterfaceOrientationLandscapeLeft UIInterfaceOrientationLandscapeRight";
				INFOPLIST_KEY_UISupportedInterfaceOrientations_iPhone = "UIInterfaceOrientationPortrait UIInterfaceOrientationLandscapeLeft UIInterfaceOrientationLandscapeRight";
				LD_RUNPATH_SEARCH_PATHS = (
					"$(inherited)",
					"@executable_path/Frameworks",
				);
				MARKETING_VERSION = 1.0;
				PRODUCT_BUNDLE_IDENTIFIER = "Oguchi-Haruka.Weather";
				PRODUCT_NAME = "$(TARGET_NAME)";
				SWIFT_EMIT_LOC_STRINGS = YES;
				SWIFT_VERSION = 5.0;
				TARGETED_DEVICE_FAMILY = "1,2";
			};
			name = Debug;
		};
		833531592BFDC416003E75A1 /* Release */ = {
			isa = XCBuildConfiguration;
			buildSettings = {
				ASSETCATALOG_COMPILER_APPICON_NAME = AppIcon;
				ASSETCATALOG_COMPILER_GLOBAL_ACCENT_COLOR_NAME = AccentColor;
				CODE_SIGN_STYLE = Automatic;
				CURRENT_PROJECT_VERSION = 1;
				GENERATE_INFOPLIST_FILE = YES;
				INFOPLIST_FILE = Weather/Info.plist;
				INFOPLIST_KEY_UIApplicationSupportsIndirectInputEvents = YES;
				INFOPLIST_KEY_UILaunchStoryboardName = LaunchScreen;
				INFOPLIST_KEY_UIMainStoryboardFile = Main;
				INFOPLIST_KEY_UISupportedInterfaceOrientations_iPad = "UIInterfaceOrientationPortrait UIInterfaceOrientationPortraitUpsideDown UIInterfaceOrientationLandscapeLeft UIInterfaceOrientationLandscapeRight";
				INFOPLIST_KEY_UISupportedInterfaceOrientations_iPhone = "UIInterfaceOrientationPortrait UIInterfaceOrientationLandscapeLeft UIInterfaceOrientationLandscapeRight";
				LD_RUNPATH_SEARCH_PATHS = (
					"$(inherited)",
					"@executable_path/Frameworks",
				);
				MARKETING_VERSION = 1.0;
				PRODUCT_BUNDLE_IDENTIFIER = "Oguchi-Haruka.Weather";
				PRODUCT_NAME = "$(TARGET_NAME)";
				SWIFT_EMIT_LOC_STRINGS = YES;
				SWIFT_VERSION = 5.0;
				TARGETED_DEVICE_FAMILY = "1,2";
			};
			name = Release;
		};
/* End XCBuildConfiguration section */

/* Begin XCConfigurationList section */
		8335313E2BFDC415003E75A1 /* Build configuration list for PBXProject "Weather" */ = {
			isa = XCConfigurationList;
			buildConfigurations = (
				833531552BFDC416003E75A1 /* Debug */,
				833531562BFDC416003E75A1 /* Release */,
			);
			defaultConfigurationIsVisible = 0;
			defaultConfigurationName = Release;
		};
		833531572BFDC416003E75A1 /* Build configuration list for PBXNativeTarget "Weather" */ = {
			isa = XCConfigurationList;
			buildConfigurations = (
				833531582BFDC416003E75A1 /* Debug */,
				833531592BFDC416003E75A1 /* Release */,
			);
			defaultConfigurationIsVisible = 0;
			defaultConfigurationName = Release;
		};
/* End XCConfigurationList section */

/* Begin XCRemoteSwiftPackageReference section */
		832828912BFED36E00A5FD0B /* XCRemoteSwiftPackageReference "ios-training" */ = {
			isa = XCRemoteSwiftPackageReference;
			repositoryURL = "https://github.com/yumemi-inc/ios-training.git";
			requirement = {
				branch = main;
				kind = branch;
			};
		};
/* End XCRemoteSwiftPackageReference section */

/* Begin XCSwiftPackageProductDependency section */
		832828922BFED36E00A5FD0B /* YumemiWeather */ = {
			isa = XCSwiftPackageProductDependency;
			package = 832828912BFED36E00A5FD0B /* XCRemoteSwiftPackageReference "ios-training" */;
			productName = YumemiWeather;
		};
/* End XCSwiftPackageProductDependency section */
	};
	rootObject = 8335313B2BFDC415003E75A1 /* Project object */;
}
